
Microsoft Visual Studio Solution File, Format Version 12.00
# Visual Studio 15
Project("{FAE04EC0-301F-11D3-BF4B-00C04F79EFBC}") = "AstarPathfindingProject", "AstarPathfindingProject.csproj", "{338BFABE-DCBA-DCA9-4679-97A1AF3BBDCB}"
EndProject
Project("{FAE04EC0-301F-11D3-BF4B-00C04F79EFBC}") = "Assembly-CSharp", "Assembly-CSharp.csproj", "{58985637-047E-78FF-D837-2812E8C0A02D}"
EndProject
Project("{FAE04EC0-301F-11D3-BF4B-00C04F79EFBC}") = "PackageToolsEditor", "PackageToolsEditor.csproj", "{74980458-94BC-3C54-96C6-68FDC5FBCDA1}"
EndProject
Project("{FAE04EC0-301F-11D3-BF4B-00C04F79EFBC}") = "AstarPathfindingProjectEditor", "AstarPathfindingProjectEditor.csproj", "{1139D91C-15E1-1235-59D3-6C28DC58F42B}"
EndProject
Global
	GlobalSection(SolutionConfigurationPlatforms) = preSolution
		Debug|Any CPU = Debug|Any CPU
		Release|Any CPU = Release|Any CPU
	EndGlobalSection
	GlobalSection(ProjectConfigurationPlatforms) = postSolution
		{338BFABE-DCBA-DCA9-4679-97A1AF3BBDCB}.Debug|Any CPU.ActiveCfg = Debug|Any CPU
		{338BFABE-DCBA-DCA9-4679-97A1AF3BBDCB}.Debug|Any CPU.Build.0 = Debug|Any CPU
		{338BFABE-DCBA-DCA9-4679-97A1AF3BBDCB}.Release|Any CPU.ActiveCfg = Release|Any CPU
		{338BFABE-DCBA-DCA9-4679-97A1AF3BBDCB}.Release|Any CPU.Build.0 = Release|Any CPU
		{58985637-047E-78FF-D837-2812E8C0A02D}.Debug|Any CPU.ActiveCfg = Debug|Any CPU
		{58985637-047E-78FF-D837-2812E8C0A02D}.Debug|Any CPU.Build.0 = Debug|Any CPU
		{58985637-047E-78FF-D837-2812E8C0A02D}.Release|Any CPU.ActiveCfg = Release|Any CPU
		{58985637-047E-78FF-D837-2812E8C0A02D}.Release|Any CPU.Build.0 = Release|Any CPU
		{74980458-94BC-3C54-96C6-68FDC5FBCDA1}.Debug|Any CPU.ActiveCfg = Debug|Any CPU
		{74980458-94BC-3C54-96C6-68FDC5FBCDA1}.Debug|Any CPU.Build.0 = Debug|Any CPU
		{74980458-94BC-3C54-96C6-68FDC5FBCDA1}.Release|Any CPU.ActiveCfg = Release|Any CPU
		{74980458-94BC-3C54-96C6-68FDC5FBCDA1}.Release|Any CPU.Build.0 = Release|Any CPU
		{1139D91C-15E1-1235-59D3-6C28DC58F42B}.Debug|Any CPU.ActiveCfg = Debug|Any CPU
		{1139D91C-15E1-1235-59D3-6C28DC58F42B}.Debug|Any CPU.Build.0 = Debug|Any CPU
		{1139D91C-15E1-1235-59D3-6C28DC58F42B}.Release|Any CPU.ActiveCfg = Release|Any CPU
		{1139D91C-15E1-1235-59D3-6C28DC58F42B}.Release|Any CPU.Build.0 = Release|Any CPU
	EndGlobalSection
	GlobalSection(SolutionProperties) = preSolution
		HideSolutionNode = FALSE
	EndGlobalSection
EndGlobal
